
Microsoft Visual Studio Solution File, Format Version 12.00
# Visual Studio Version 17
VisualStudioVersion = 17.10.34916.146
MinimumVisualStudioVersion = 10.0.40219.1
Project("{8BC9CEB8-8B4A-11D0-8D11-00A0C91BC942}") = "OposCardTest", "OposCardTest.vcxproj", "{E9705D7E-D533-4979-82CF-AD5D5DACD570}"
EndProject
Project("{8BC9CEB8-8B4A-11D0-8D11-00A0C91BC942}") = "Test", "..\Test\Test.vcxproj", "{1E665966-A9D7-4B69-9D2D-0AED4C792543}"
EndProject
Project("{8BC9CEB8-8B4A-11D0-8D11-00A0C91BC942}") = "MFCApplication", "..\MFCApplication\MFCApplication.vcxproj", "{CB383A28-F05F-476B-B037-3A02235610B2}"
EndProject
Global
	GlobalSection(SolutionConfigurationPlatforms) = preSolution
		Debug|x64 = Debug|x64
		Debug|x86 = Debug|x86
		Release|x64 = Release|x64
		Release|x86 = Release|x86
	EndGlobalSection
	GlobalSection(ProjectConfigurationPlatforms) = postSolution
		{E9705D7E-D533-4979-82CF-AD5D5DACD570}.Debug|x64.ActiveCfg = Debug|x64
		{E9705D7E-D533-4979-82CF-AD5D5DACD570}.Debug|x64.Build.0 = Debug|x64
		{E9705D7E-D533-4979-82CF-AD5D5DACD570}.Debug|x86.ActiveCfg = Debug|Win32
		{E9705D7E-D533-4979-82CF-AD5D5DACD570}.Debug|x86.Build.0 = Debug|Win32
		{E9705D7E-D533-4979-82CF-AD5D5DACD570}.Release|x64.ActiveCfg = Release|x64
		{E9705D7E-D533-4979-82CF-AD5D5DACD570}.Release|x64.Build.0 = Release|x64
		{E9705D7E-D533-4979-82CF-AD5D5DACD570}.Release|x86.ActiveCfg = Release|Win32
		{E9705D7E-D533-4979-82CF-AD5D5DACD570}.Release|x86.Build.0 = Release|Win32
		{1E665966-A9D7-4B69-9D2D-0AED4C792543}.Debug|x64.ActiveCfg = Debug|x64
		{1E665966-A9D7-4B69-9D2D-0AED4C792543}.Debug|x64.Build.0 = Debug|x64
		{1E665966-A9D7-4B69-9D2D-0AED4C792543}.Debug|x86.ActiveCfg = Debug|Win32
		{1E665966-A9D7-4B69-9D2D-0AED4C792543}.Debug|x86.Build.0 = Debug|Win32
		{1E665966-A9D7-4B69-9D2D-0AED4C792543}.Release|x64.ActiveCfg = Release|x64
		{1E665966-A9D7-4B69-9D2D-0AED4C792543}.Release|x64.Build.0 = Release|x64
		{1E665966-A9D7-4B69-9D2D-0AED4C792543}.Release|x86.ActiveCfg = Release|Win32
		{1E665966-A9D7-4B69-9D2D-0AED4C792543}.Release|x86.Build.0 = Release|Win32
		{CB383A28-F05F-476B-B037-3A02235610B2}.Debug|x64.ActiveCfg = Debug|x64
		{CB383A28-F05F-476B-B037-3A02235610B2}.Debug|x64.Build.0 = Debug|x64
		{CB383A28-F05F-476B-B037-3A02235610B2}.Debug|x86.ActiveCfg = Debug|Win32
		{CB383A28-F05F-476B-B037-3A02235610B2}.Debug|x86.Build.0 = Debug|Win32
		{CB383A28-F05F-476B-B037-3A02235610B2}.Release|x64.ActiveCfg = Release|x64
		{CB383A28-F05F-476B-B037-3A02235610B2}.Release|x64.Build.0 = Release|x64
		{CB383A28-F05F-476B-B037-3A02235610B2}.Release|x86.ActiveCfg = Release|Win32
		{CB383A28-F05F-476B-B037-3A02235610B2}.Release|x86.Build.0 = Release|Win32
	EndGlobalSection
	GlobalSection(SolutionProperties) = preSolution
		HideSolutionNode = FALSE
	EndGlobalSection
	GlobalSection(ExtensibilityGlobals) = postSolution
		SolutionGuid = {98C58C8C-BA6D-428E-95EF-AD21AFE68113}
	EndGlobalSection
EndGlobal
